Microsoft Visual Studio Solution File, Format Version 8.00
Project("{8BC9CEB8-8B4A-11D0-8D11-00A0C91BC942}") = "PROJECT1", "PROJECT1.vcproj", "{65CDA706-01BC-40C6-884D-3B4F8F039F9B}"
	ProjectSection(ProjectDependencies) = postProject
		{F941E236-E719-4E49-9533-95ADB2F74135} = {F941E236-E719-4E49-9533-95ADB2F74135}
	EndProjectSection
EndProject
Project("{8BC9CEB8-8B4A-11D0-8D11-00A0C91BC942}") = "ImageLib", "ImageLib\ImageLib.vcproj", "{F941E236-E719-4E49-9533-95ADB2F74135}"
	ProjectSection(ProjectDependencies) = postProject
	EndProjectSection
EndProject
Global
	GlobalSection(SolutionConfiguration) = preSolution
		Debug = Debug
		Release = Release
	EndGlobalSection
	GlobalSection(ProjectConfiguration) = postSolution
		{65CDA706-01BC-40C6-884D-3B4F8F039F9B}.Debug.ActiveCfg = Debug|Win32
		{65CDA706-01BC-40C6-884D-3B4F8F039F9B}.Debug.Build.0 = Debug|Win32
		{65CDA706-01BC-40C6-884D-3B4F8F039F9B}.Release.ActiveCfg = Release|Win32
		{65CDA706-01BC-40C6-884D-3B4F8F039F9B}.Release.Build.0 = Release|Win32
		{F941E236-E719-4E49-9533-95ADB2F74135}.Debug.ActiveCfg = Debug|Win32
		{F941E236-E719-4E49-9533-95ADB2F74135}.Debug.Build.0 = Debug|Win32
		{F941E236-E719-4E49-9533-95ADB2F74135}.Release.ActiveCfg = Release|Win32
		{F941E236-E719-4E49-9533-95ADB2F74135}.Release.Build.0 = Release|Win32
	EndGlobalSection
	GlobalSection(ExtensibilityGlobals) = postSolution
	EndGlobalSection
	GlobalSection(ExtensibilityAddIns) = postSolution
	EndGlobalSection
EndGlobal
